
Microsoft Visual Studio Solution File, Format Version 12.00
# Visual Studio Version 16
VisualStudioVersion = 16.0.30406.217
MinimumVisualStudioVersion = 10.0.40219.1
Project("{FAE04EC0-301F-11D3-BF4B-00C04F79EFBC}") = "CreateProjects", "CreateProjects\CreateProjects.csproj", "{5CEAACCC-91CC-4435-B435-A07EDB0D2063}"
EndProject
Global
	GlobalSection(SolutionConfigurationPlatforms) = preSolution
		Debug|Any CPU = Debug|Any CPU
		Release|Any CPU = Release|Any CPU
	EndGlobalSection
	GlobalSection(ProjectConfigurationPlatforms) = postSolution
		{5CEAACCC-91CC-4435-B435-A07EDB0D2063}.Debug|Any CPU.ActiveCfg = Debug|Any CPU
		{5CEAACCC-91CC-4435-B435-A07EDB0D2063}.Debug|Any CPU.Build.0 = Debug|Any CPU
		{5CEAACCC-91CC-4435-B435-A07EDB0D2063}.Release|Any CPU.ActiveCfg = Release|Any CPU
		{5CEAACCC-91CC-4435-B435-A07EDB0D2063}.Release|Any CPU.Build.0 = Release|Any CPU
	EndGlobalSection
	GlobalSection(SolutionProperties) = preSolution
		HideSolutionNode = FALSE
	EndGlobalSection
	GlobalSection(ExtensibilityGlobals) = postSolution
		SolutionGuid = {128DF36C-853E-404F-B8BC-3101DE417053}
	EndGlobalSection
EndGlobal
